
Microsoft Visual Studio Solution File, Format Version 12.00
# Visual Studio Version 17
VisualStudioVersion = 17.0.31903.59
MinimumVisualStudioVersion = 10.0.40219.1
Project("{FAE04EC0-301F-11D3-BF4B-00C04F79EFBC}") = "Arcadia.Core", "src\Arcadia.Core\Arcadia.Core.csproj", "{6AD891A8-56AB-4622-9F2F-9A7842CA8057}"
EndProject
Project("{FAE04EC0-301F-11D3-BF4B-00C04F79EFBC}") = "Arcadia.Theme", "src\Arcadia.Theme\Arcadia.Theme.csproj", "{65C97FFC-C033-4327-82ED-12B9E8540410}"
EndProject
Project("{FAE04EC0-301F-11D3-BF4B-00C04F79EFBC}") = "Arcadia.Notifications", "src\Arcadia.Notifications\Arcadia.Notifications.csproj", "{040220B3-48AF-4643-B7D6-04213D766AF4}"
EndProject
Project("{FAE04EC0-301F-11D3-BF4B-00C04F79EFBC}") = "Arcadia.FormBuilder", "src\Arcadia.FormBuilder\Arcadia.FormBuilder.csproj", "{20A9CFDF-3E0B-4421-9412-282A3A385578}"
EndProject
Project("{FAE04EC0-301F-11D3-BF4B-00C04F79EFBC}") = "Arcadia.Charts", "src\Arcadia.Charts\Arcadia.Charts.csproj", "{94E56B0C-0FA4-4A0E-8989-FCDA13093A7F}"
EndProject
Project("{FAE04EC0-301F-11D3-BF4B-00C04F79EFBC}") = "Arcadia.Demo.Server", "samples\Arcadia.Demo.Server\Arcadia.Demo.Server.csproj", "{C993C6E8-DED5-40D2-B41B-6F303409C180}"
EndProject
Project("{FAE04EC0-301F-11D3-BF4B-00C04F79EFBC}") = "Arcadia.Demo.Wasm", "samples\Arcadia.Demo.Wasm\Arcadia.Demo.Wasm.csproj", "{CA4B739F-9E28-46E7-A868-AC96D2434E95}"
EndProject
Project("{FAE04EC0-301F-11D3-BF4B-00C04F79EFBC}") = "Arcadia.Tests.Unit", "tests\Arcadia.Tests.Unit\Arcadia.Tests.Unit.csproj", "{ACB58C5E-1C01-449A-9FFA-2EF8C4318AAA}"
EndProject
Global
	GlobalSection(SolutionConfigurationPlatforms) = preSolution
		Debug|Any CPU = Debug|Any CPU
		Release|Any CPU = Release|Any CPU
	EndGlobalSection
	GlobalSection(ProjectConfigurationPlatforms) = postSolution
		{6AD891A8-56AB-4622-9F2F-9A7842CA8057}.Debug|Any CPU.ActiveCfg = Debug|Any CPU
		{6AD891A8-56AB-4622-9F2F-9A7842CA8057}.Debug|Any CPU.Build.0 = Debug|Any CPU
		{6AD891A8-56AB-4622-9F2F-9A7842CA8057}.Release|Any CPU.ActiveCfg = Release|Any CPU
		{6AD891A8-56AB-4622-9F2F-9A7842CA8057}.Release|Any CPU.Build.0 = Release|Any CPU
		{65C97FFC-C033-4327-82ED-12B9E8540410}.Debug|Any CPU.ActiveCfg = Debug|Any CPU
		{65C97FFC-C033-4327-82ED-12B9E8540410}.Debug|Any CPU.Build.0 = Debug|Any CPU
		{65C97FFC-C033-4327-82ED-12B9E8540410}.Release|Any CPU.ActiveCfg = Release|Any CPU
		{65C97FFC-C033-4327-82ED-12B9E8540410}.Release|Any CPU.Build.0 = Release|Any CPU
		{040220B3-48AF-4643-B7D6-04213D766AF4}.Debug|Any CPU.ActiveCfg = Debug|Any CPU
		{040220B3-48AF-4643-B7D6-04213D766AF4}.Debug|Any CPU.Build.0 = Debug|Any CPU
		{040220B3-48AF-4643-B7D6-04213D766AF4}.Release|Any CPU.ActiveCfg = Release|Any CPU
		{040220B3-48AF-4643-B7D6-04213D766AF4}.Release|Any CPU.Build.0 = Release|Any CPU
		{94E56B0C-0FA4-4A0E-8989-FCDA13093A7F}.Debug|Any CPU.ActiveCfg = Debug|Any CPU
		{94E56B0C-0FA4-4A0E-8989-FCDA13093A7F}.Debug|Any CPU.Build.0 = Debug|Any CPU
		{94E56B0C-0FA4-4A0E-8989-FCDA13093A7F}.Release|Any CPU.ActiveCfg = Release|Any CPU
		{94E56B0C-0FA4-4A0E-8989-FCDA13093A7F}.Release|Any CPU.Build.0 = Release|Any CPU
		{C993C6E8-DED5-40D2-B41B-6F303409C180}.Debug|Any CPU.ActiveCfg = Debug|Any CPU
		{C993C6E8-DED5-40D2-B41B-6F303409C180}.Debug|Any CPU.Build.0 = Debug|Any CPU
		{C993C6E8-DED5-40D2-B41B-6F303409C180}.Release|Any CPU.ActiveCfg = Release|Any CPU
		{C993C6E8-DED5-40D2-B41B-6F303409C180}.Release|Any CPU.Build.0 = Release|Any CPU
		{CA4B739F-9E28-46E7-A868-AC96D2434E95}.Debug|Any CPU.ActiveCfg = Debug|Any CPU
		{CA4B739F-9E28-46E7-A868-AC96D2434E95}.Debug|Any CPU.Build.0 = Debug|Any CPU
		{CA4B739F-9E28-46E7-A868-AC96D2434E95}.Release|Any CPU.ActiveCfg = Release|Any CPU
		{CA4B739F-9E28-46E7-A868-AC96D2434E95}.Release|Any CPU.Build.0 = Release|Any CPU
		{20A9CFDF-3E0B-4421-9412-282A3A385578}.Debug|Any CPU.ActiveCfg = Debug|Any CPU
		{20A9CFDF-3E0B-4421-9412-282A3A385578}.Debug|Any CPU.Build.0 = Debug|Any CPU
		{20A9CFDF-3E0B-4421-9412-282A3A385578}.Release|Any CPU.ActiveCfg = Release|Any CPU
		{20A9CFDF-3E0B-4421-9412-282A3A385578}.Release|Any CPU.Build.0 = Release|Any CPU
		{ACB58C5E-1C01-449A-9FFA-2EF8C4318AAA}.Debug|Any CPU.ActiveCfg = Debug|Any CPU
		{ACB58C5E-1C01-449A-9FFA-2EF8C4318AAA}.Debug|Any CPU.Build.0 = Debug|Any CPU
		{ACB58C5E-1C01-449A-9FFA-2EF8C4318AAA}.Release|Any CPU.ActiveCfg = Release|Any CPU
		{ACB58C5E-1C01-449A-9FFA-2EF8C4318AAA}.Release|Any CPU.Build.0 = Release|Any CPU
	EndGlobalSection
EndGlobal
