
Microsoft Visual Studio Solution File, Format Version 12.00
# Visual Studio Version 17
VisualStudioVersion = 17.0.31903.59
MinimumVisualStudioVersion = 10.0.40219.1
Project("{FAE04EC0-301F-11D3-BF4B-00C04F79EFBC}") = "Arcadia.Core", "src\Arcadia.Core\Arcadia.Core.csproj", "{6AD891A8-56AB-4622-9F2F-9A7842CA8057}"
EndProject
Project("{FAE04EC0-301F-11D3-BF4B-00C04F79EFBC}") = "Arcadia.Theme", "src\Arcadia.Theme\Arcadia.Theme.csproj", "{65C97FFC-C033-4327-82ED-12B9E8540410}"
EndProject
Project("{FAE04EC0-301F-11D3-BF4B-00C04F79EFBC}") = "Arcadia.Notifications", "src\Arcadia.Notifications\Arcadia.Notifications.csproj", "{040220B3-48AF-4643-B7D6-04213D766AF4}"
EndProject
Project("{FAE04EC0-301F-11D3-BF4B-00C04F79EFBC}") = "Arcadia.FormBuilder", "src\Arcadia.FormBuilder\Arcadia.FormBuilder.csproj", "{20A9CFDF-3E0B-4421-9412-282A3A385578}"
EndProject
Project("{FAE04EC0-301F-11D3-BF4B-00C04F79EFBC}") = "Arcadia.Charts", "src\Arcadia.Charts\Arcadia.Charts.csproj", "{94E56B0C-0FA4-4A0E-8989-FCDA13093A7F}"
EndProject
Project("{FAE04EC0-301F-11D3-BF4B-00C04F79EFBC}") = "Arcadia.Demo.Server", "samples\Arcadia.Demo.Server\Arcadia.Demo.Server.csproj", "{C993C6E8-DED5-40D2-B41B-6F303409C180}"
EndProject
Project("{FAE04EC0-301F-11D3-BF4B-00C04F79EFBC}") = "Arcadia.Demo.Wasm", "samples\Arcadia.Demo.Wasm\Arcadia.Demo.Wasm.csproj", "{CA4B739F-9E28-46E7-A868-AC96D2434E95}"
EndProject
Project("{FAE04EC0-301F-11D3-BF4B-00C04F79EFBC}") = "Arcadia.Tests.Unit", "tests\Arcadia.Tests.Unit\Arcadia.Tests.Unit.csproj", "{ACB58C5E-1C01-449A-9FFA-2EF8C4318AAA}"
EndProject
Project("{2150E333-8FDC-42A3-9474-1A3956D46DE8}") = "tests", "tests", "{4F33ABEA-3D06-48BD-971F-5BD69DF6B125}"
EndProject
Project("{FAE04EC0-301F-11D3-BF4B-00C04F79EFBC}") = "Arcadia.Tests.E2E", "tests\Arcadia.Tests.E2E\Arcadia.Tests.E2E.csproj", "{F783CEC1-7217-415F-90C8-ECDC550F4CA4}"
EndProject
Project("{2150E333-8FDC-42A3-9474-1A3956D46DE8}") = "src", "src", "{626FE9C2-CC33-4C1B-A7A3-8D9BD667CAF0}"
EndProject
Project("{FAE04EC0-301F-11D3-BF4B-00C04F79EFBC}") = "Arcadia.DataGrid", "src\Arcadia.DataGrid\Arcadia.DataGrid.csproj", "{FF0104B9-6C3E-4743-9888-618BAB7259FE}"
EndProject
Project("{FAE04EC0-301F-11D3-BF4B-00C04F79EFBC}") = "Arcadia.UI", "src\Arcadia.UI\Arcadia.UI.csproj", "{C52F8866-5C53-491E-842C-BA7CD12891DF}"
EndProject
Project("{FAE04EC0-301F-11D3-BF4B-00C04F79EFBC}") = "Arcadia.Gauge", "src\Arcadia.Gauge\Arcadia.Gauge.csproj", "{A9C1D8CD-A71A-4895-969C-C723E2FA9B24}"
EndProject
Global
	GlobalSection(SolutionConfigurationPlatforms) = preSolution
		Debug|Any CPU = Debug|Any CPU
		Release|Any CPU = Release|Any CPU
	EndGlobalSection
	GlobalSection(ProjectConfigurationPlatforms) = postSolution
		{6AD891A8-56AB-4622-9F2F-9A7842CA8057}.Debug|Any CPU.ActiveCfg = Debug|Any CPU
		{6AD891A8-56AB-4622-9F2F-9A7842CA8057}.Debug|Any CPU.Build.0 = Debug|Any CPU
		{6AD891A8-56AB-4622-9F2F-9A7842CA8057}.Release|Any CPU.ActiveCfg = Release|Any CPU
		{6AD891A8-56AB-4622-9F2F-9A7842CA8057}.Release|Any CPU.Build.0 = Release|Any CPU
		{65C97FFC-C033-4327-82ED-12B9E8540410}.Debug|Any CPU.ActiveCfg = Debug|Any CPU
		{65C97FFC-C033-4327-82ED-12B9E8540410}.Debug|Any CPU.Build.0 = Debug|Any CPU
		{65C97FFC-C033-4327-82ED-12B9E8540410}.Release|Any CPU.ActiveCfg = Release|Any CPU
		{65C97FFC-C033-4327-82ED-12B9E8540410}.Release|Any CPU.Build.0 = Release|Any CPU
		{040220B3-48AF-4643-B7D6-04213D766AF4}.Debug|Any CPU.ActiveCfg = Debug|Any CPU
		{040220B3-48AF-4643-B7D6-04213D766AF4}.Debug|Any CPU.Build.0 = Debug|Any CPU
		{040220B3-48AF-4643-B7D6-04213D766AF4}.Release|Any CPU.ActiveCfg = Release|Any CPU
		{040220B3-48AF-4643-B7D6-04213D766AF4}.Release|Any CPU.Build.0 = Release|Any CPU
		{94E56B0C-0FA4-4A0E-8989-FCDA13093A7F}.Debug|Any CPU.ActiveCfg = Debug|Any CPU
		{94E56B0C-0FA4-4A0E-8989-FCDA13093A7F}.Debug|Any CPU.Build.0 = Debug|Any CPU
		{94E56B0C-0FA4-4A0E-8989-FCDA13093A7F}.Release|Any CPU.ActiveCfg = Release|Any CPU
		{94E56B0C-0FA4-4A0E-8989-FCDA13093A7F}.Release|Any CPU.Build.0 = Release|Any CPU
		{C993C6E8-DED5-40D2-B41B-6F303409C180}.Debug|Any CPU.ActiveCfg = Debug|Any CPU
		{C993C6E8-DED5-40D2-B41B-6F303409C180}.Debug|Any CPU.Build.0 = Debug|Any CPU
		{C993C6E8-DED5-40D2-B41B-6F303409C180}.Release|Any CPU.ActiveCfg = Release|Any CPU
		{C993C6E8-DED5-40D2-B41B-6F303409C180}.Release|Any CPU.Build.0 = Release|Any CPU
		{CA4B739F-9E28-46E7-A868-AC96D2434E95}.Debug|Any CPU.ActiveCfg = Debug|Any CPU
		{CA4B739F-9E28-46E7-A868-AC96D2434E95}.Debug|Any CPU.Build.0 = Debug|Any CPU
		{CA4B739F-9E28-46E7-A868-AC96D2434E95}.Release|Any CPU.ActiveCfg = Release|Any CPU
		{CA4B739F-9E28-46E7-A868-AC96D2434E95}.Release|Any CPU.Build.0 = Release|Any CPU
		{20A9CFDF-3E0B-4421-9412-282A3A385578}.Debug|Any CPU.ActiveCfg = Debug|Any CPU
		{20A9CFDF-3E0B-4421-9412-282A3A385578}.Debug|Any CPU.Build.0 = Debug|Any CPU
		{20A9CFDF-3E0B-4421-9412-282A3A385578}.Release|Any CPU.ActiveCfg = Release|Any CPU
		{20A9CFDF-3E0B-4421-9412-282A3A385578}.Release|Any CPU.Build.0 = Release|Any CPU
		{ACB58C5E-1C01-449A-9FFA-2EF8C4318AAA}.Debug|Any CPU.ActiveCfg = Debug|Any CPU
		{ACB58C5E-1C01-449A-9FFA-2EF8C4318AAA}.Debug|Any CPU.Build.0 = Debug|Any CPU
		{ACB58C5E-1C01-449A-9FFA-2EF8C4318AAA}.Release|Any CPU.ActiveCfg = Release|Any CPU
		{ACB58C5E-1C01-449A-9FFA-2EF8C4318AAA}.Release|Any CPU.Build.0 = Release|Any CPU
		{F783CEC1-7217-415F-90C8-ECDC550F4CA4}.Debug|Any CPU.ActiveCfg = Debug|Any CPU
		{F783CEC1-7217-415F-90C8-ECDC550F4CA4}.Debug|Any CPU.Build.0 = Debug|Any CPU
		{F783CEC1-7217-415F-90C8-ECDC550F4CA4}.Release|Any CPU.ActiveCfg = Release|Any CPU
		{F783CEC1-7217-415F-90C8-ECDC550F4CA4}.Release|Any CPU.Build.0 = Release|Any CPU
		{FF0104B9-6C3E-4743-9888-618BAB7259FE}.Debug|Any CPU.ActiveCfg = Debug|Any CPU
		{FF0104B9-6C3E-4743-9888-618BAB7259FE}.Debug|Any CPU.Build.0 = Debug|Any CPU
		{FF0104B9-6C3E-4743-9888-618BAB7259FE}.Release|Any CPU.ActiveCfg = Release|Any CPU
		{FF0104B9-6C3E-4743-9888-618BAB7259FE}.Release|Any CPU.Build.0 = Release|Any CPU
		{C52F8866-5C53-491E-842C-BA7CD12891DF}.Debug|Any CPU.ActiveCfg = Debug|Any CPU
		{C52F8866-5C53-491E-842C-BA7CD12891DF}.Debug|Any CPU.Build.0 = Debug|Any CPU
		{C52F8866-5C53-491E-842C-BA7CD12891DF}.Release|Any CPU.ActiveCfg = Release|Any CPU
		{C52F8866-5C53-491E-842C-BA7CD12891DF}.Release|Any CPU.Build.0 = Release|Any CPU
		{A9C1D8CD-A71A-4895-969C-C723E2FA9B24}.Debug|Any CPU.ActiveCfg = Debug|Any CPU
		{A9C1D8CD-A71A-4895-969C-C723E2FA9B24}.Debug|Any CPU.Build.0 = Debug|Any CPU
		{A9C1D8CD-A71A-4895-969C-C723E2FA9B24}.Release|Any CPU.ActiveCfg = Release|Any CPU
		{A9C1D8CD-A71A-4895-969C-C723E2FA9B24}.Release|Any CPU.Build.0 = Release|Any CPU
	EndGlobalSection
	GlobalSection(NestedProjects) = preSolution
		{F783CEC1-7217-415F-90C8-ECDC550F4CA4} = {4F33ABEA-3D06-48BD-971F-5BD69DF6B125}
		{FF0104B9-6C3E-4743-9888-618BAB7259FE} = {626FE9C2-CC33-4C1B-A7A3-8D9BD667CAF0}
		{C52F8866-5C53-491E-842C-BA7CD12891DF} = {626FE9C2-CC33-4C1B-A7A3-8D9BD667CAF0}
		{A9C1D8CD-A71A-4895-969C-C723E2FA9B24} = {626FE9C2-CC33-4C1B-A7A3-8D9BD667CAF0}
	EndGlobalSection
EndGlobal
